
Microsoft Visual Studio Solution File, Format Version 12.00
# Visual Studio Version 17
VisualStudioVersion = 17.1.32210.238
MinimumVisualStudioVersion = 10.0.40219.1
Project("{FAE04EC0-301F-11D3-BF4B-00C04F79EFBC}") = "EasyHousing.API", "EasyHousing.API\EasyHousing.API.csproj", "{FEC6C3AC-88D6-4A4A-9062-3737BB7380D5}"
EndProject
Global
	GlobalSection(SolutionConfigurationPlatforms) = preSolution
		Debug|Any CPU = Debug|Any CPU
		Release|Any CPU = Release|Any CPU
	EndGlobalSection
	GlobalSection(ProjectConfigurationPlatforms) = postSolution
		{FEC6C3AC-88D6-4A4A-9062-3737BB7380D5}.Debug|Any CPU.ActiveCfg = Debug|Any CPU
		{FEC6C3AC-88D6-4A4A-9062-3737BB7380D5}.Debug|Any CPU.Build.0 = Debug|Any CPU
		{FEC6C3AC-88D6-4A4A-9062-3737BB7380D5}.Release|Any CPU.ActiveCfg = Release|Any CPU
		{FEC6C3AC-88D6-4A4A-9062-3737BB7380D5}.Release|Any CPU.Build.0 = Release|Any CPU
	EndGlobalSection
	GlobalSection(SolutionProperties) = preSolution
		HideSolutionNode = FALSE
	EndGlobalSection
	GlobalSection(ExtensibilityGlobals) = postSolution
		SolutionGuid = {675C5B25-83C0-4DFB-AABE-3835D52325E3}
	EndGlobalSection
EndGlobal
